
Microsoft Visual Studio Solution File, Format Version 12.00
# Visual Studio Version 16
VisualStudioVersion = 16.0.30523.141
MinimumVisualStudioVersion = 10.0.40219.1
Project("{FAE04EC0-301F-11D3-BF4B-00C04F79EFBC}") = "vvuelos_backend", "vvuelos_backend.csproj", "{BECD67A1-943C-45CF-BF6D-D5A7906CE3DB}"
EndProject
Global
	GlobalSection(SolutionConfigurationPlatforms) = preSolution
		Debug|Any CPU = Debug|Any CPU
		Release|Any CPU = Release|Any CPU
	EndGlobalSection
	GlobalSection(ProjectConfigurationPlatforms) = postSolution
		{BECD67A1-943C-45CF-BF6D-D5A7906CE3DB}.Debug|Any CPU.ActiveCfg = Debug|Any CPU
		{BECD67A1-943C-45CF-BF6D-D5A7906CE3DB}.Debug|Any CPU.Build.0 = Debug|Any CPU
		{BECD67A1-943C-45CF-BF6D-D5A7906CE3DB}.Release|Any CPU.ActiveCfg = Release|Any CPU
		{BECD67A1-943C-45CF-BF6D-D5A7906CE3DB}.Release|Any CPU.Build.0 = Release|Any CPU
	EndGlobalSection
	GlobalSection(SolutionProperties) = preSolution
		HideSolutionNode = FALSE
	EndGlobalSection
	GlobalSection(ExtensibilityGlobals) = postSolution
		SolutionGuid = {ABCC1E21-8A71-4E1B-AAB2-38EE6C4C22E4}
	EndGlobalSection
EndGlobal
